<?xml version="1.0" encoding="utf-8"?>
<Project ToolsVersion="4.0" xmlns="http://schemas.microsoft.com/developer/msbuild/2003">
  <ItemGroup>
    <Filter Include="Fichiers sources">
      <UniqueIdentifier>{4FC737F1-C7A5-4376-A066-2A32D752A2FF}</UniqueIdentifier>
      <Extensions>cpp;c;cc;cxx;c++;cppm;ixx;def;odl;idl;hpj;bat;asm;asmx</Extensions>
    </Filter>
    <Filter Include="Fichiers de ressources">
      <UniqueIdentifier>{67DA6AB6-F800-4c08-8B7A-83BB121AAD01}</UniqueIdentifier>
      <Extensions>rc;ico;cur;bmp;dlg;rc2;rct;bin;rgs;gif;jpg;jpeg;jpe;resx;tiff;tif;png;wav;mfcribbon-ms</Extensions>
    </Filter>
    <Filter Include="Fichiers sources\noisy">
      <UniqueIdentifier>{63d63d88-4e76-47b4-916b-bce2b5e4a9dc}</UniqueIdentifier>
    </Filter>
    <Filter Include="Fichiers sources\noisy\Renderer">
      <UniqueIdentifier>{c72e0836-5e75-4acf-8ebd-b5f10039ed32}</UniqueIdentifier>
    </Filter>
    <Filter Include="Fichiers sources\noisy\Core">
      <UniqueIdentifier>{bd1fb549-46ec-4952-bfcb-52c0eb8d2cf8}</UniqueIdentifier>
    </Filter>
    <Filter Include="Fichiers sources\noisy\Core\Window">
      <UniqueIdentifier>{5a40c978-17e7-49be-bd32-b457eadd79b0}</UniqueIdentifier>
    </Filter>
    <Filter Include="Fichiers sources\noisy\Renderer\Mesh">
      <UniqueIdentifier>{43d6c203-b0d8-48f8-8044-ec61544b470a}</UniqueIdentifier>
    </Filter>
    <Filter Include="Fichiers sources\noisy\Renderer\Texture">
      <UniqueIdentifier>{c388b2cf-b124-470d-b561-d99629f3c604}</UniqueIdentifier>
    </Filter>
    <Filter Include="Fichiers sources\noisy\Core\Shader">
      <UniqueIdentifier>{d61fe3ae-4db9-4e87-b975-99c2573228e1}</UniqueIdentifier>
    </Filter>
    <Filter Include="Fichiers sources\noisy\Shaders">
      <UniqueIdentifier>{955b7a39-0e96-42e8-b97a-589842bc7c56}</UniqueIdentifier>
    </Filter>
    <Filter Include="Fichiers sources\noisy\Renderer\Camera">
      <UniqueIdentifier>{1ec7f61f-2783-40f9-aba4-c3f58d98f56e}</UniqueIdentifier>
    </Filter>
    <Filter Include="Fichiers sources\noisy\Core\Timer">
      <UniqueIdentifier>{bd13a18d-b5ca-4191-8ce1-f75d80279475}</UniqueIdentifier>
    </Filter>
    <Filter Include="Fichiers sources\noisy\Renderer\Model">
      <UniqueIdentifier>{2c09ceca-18ba-4531-bbff-f706708b84b0}</UniqueIdentifier>
    </Filter>
    <Filter Include="Fichiers sources\noisy\Renderer\Renderer3D">
      <UniqueIdentifier>{760f1f4d-cdfd-4f72-a52e-2921cd3412c8}</UniqueIdentifier>
    </Filter>
    <Filter Include="Fichiers sources\noisy\Renderer\Material">
      <UniqueIdentifier>{9883f308-ec2d-4449-9fb1-78ecc70edaa6}</UniqueIdentifier>
    </Filter>
    <Filter Include="Fichiers sources\noisy\Shaders\pbr">
      <UniqueIdentifier>{a800dc52-4a73-4c1d-8d06-acd237341c84}</UniqueIdentifier>
    </Filter>
    <Filter Include="Fichiers sources\noisy\Renderer\Object3d">
      <UniqueIdentifier>{b674c9fb-5288-4229-b291-070b5b5a48ed}</UniqueIdentifier>
    </Filter>
    <Filter Include="Fichiers sources\noisy\Renderer\Scene">
      <UniqueIdentifier>{c8c47df4-2621-4dd1-b53f-813d96a996b7}</UniqueIdentifier>
    </Filter>
    <Filter Include="Fichiers sources\noisy\Renderer\Light">
      <UniqueIdentifier>{5461426b-90ae-4541-8ee6-aab68bd41652}</UniqueIdentifier>
    </Filter>
  </ItemGroup>
  <ItemGroup>
    <ClCompile Include="Source.cpp">
      <Filter>Fichiers sources</Filter>
    </ClCompile>
    <ClCompile Include="Window.cpp">
      <Filter>Fichiers sources\noisy\Core\Window</Filter>
    </ClCompile>
    <ClCompile Include="Mesh.cpp">
      <Filter>Fichiers sources\noisy\Renderer\Mesh</Filter>
    </ClCompile>
    <ClCompile Include="Texture.cpp">
      <Filter>Fichiers sources\noisy\Renderer\Texture</Filter>
    </ClCompile>
    <ClCompile Include="Shader.cpp">
      <Filter>Fichiers sources\noisy\Core\Shader</Filter>
    </ClCompile>
    <ClCompile Include="Camera.cpp">
      <Filter>Fichiers sources\noisy\Renderer\Camera</Filter>
    </ClCompile>
    <ClCompile Include="Timer.cpp">
      <Filter>Fichiers sources\noisy\Core\Timer</Filter>
    </ClCompile>
    <ClCompile Include="Model.cpp">
      <Filter>Fichiers sources\noisy\Renderer\Model</Filter>
    </ClCompile>
    <ClCompile Include="Renderer3d.cpp">
      <Filter>Fichiers sources\noisy\Renderer\Renderer3D</Filter>
    </ClCompile>
    <ClCompile Include="Material.cpp">
      <Filter>Fichiers sources\noisy\Renderer\Material</Filter>
    </ClCompile>
    <ClCompile Include="Object3d.cpp">
      <Filter>Fichiers sources\noisy\Renderer\Object3d</Filter>
    </ClCompile>
    <ClCompile Include="Scene.cpp">
      <Filter>Fichiers sources\noisy\Renderer\Scene</Filter>
    </ClCompile>
    <ClCompile Include="importGlad.cpp">
      <Filter>Fichiers de ressources</Filter>
    </ClCompile>
    <ClCompile Include="Light.cpp">
      <Filter>Fichiers sources\noisy\Renderer\Light</Filter>
    </ClCompile>
  </ItemGroup>
  <ItemGroup>
    <ClInclude Include="Window.h">
      <Filter>Fichiers sources\noisy\Core\Window</Filter>
    </ClInclude>
    <ClInclude Include="Mesh.h">
      <Filter>Fichiers sources\noisy\Renderer\Mesh</Filter>
    </ClInclude>
    <ClInclude Include="Texture.h">
      <Filter>Fichiers sources\noisy\Renderer\Texture</Filter>
    </ClInclude>
    <ClInclude Include="Shader.h">
      <Filter>Fichiers sources\noisy\Core\Shader</Filter>
    </ClInclude>
    <ClInclude Include="Camera.h">
      <Filter>Fichiers sources\noisy\Renderer\Camera</Filter>
    </ClInclude>
    <ClInclude Include="Timer.h">
      <Filter>Fichiers sources\noisy\Core\Timer</Filter>
    </ClInclude>
    <ClInclude Include="Model.h">
      <Filter>Fichiers sources\noisy\Renderer\Model</Filter>
    </ClInclude>
    <ClInclude Include="Renderer3d.h">
      <Filter>Fichiers sources\noisy\Renderer\Renderer3D</Filter>
    </ClInclude>
    <ClInclude Include="Material.h">
      <Filter>Fichiers sources\noisy\Renderer\Material</Filter>
    </ClInclude>
    <ClInclude Include="Drawable.h">
      <Filter>Fichiers sources\noisy\Renderer\Object3d</Filter>
    </ClInclude>
    <ClInclude Include="Object3d.h">
      <Filter>Fichiers sources\noisy\Renderer\Object3d</Filter>
    </ClInclude>
    <ClInclude Include="Scene.h">
      <Filter>Fichiers sources\noisy\Renderer\Scene</Filter>
    </ClInclude>
    <ClInclude Include="Light.h">
      <Filter>Fichiers sources\noisy\Renderer\Light</Filter>
    </ClInclude>
  </ItemGroup>
  <ItemGroup>
    <None Include="resources\ns\shaders\renderer.frag">
      <Filter>Fichiers sources\noisy\Shaders</Filter>
    </None>
    <None Include="resources\ns\shaders\renderer.vert">
      <Filter>Fichiers sources\noisy\Shaders</Filter>
    </None>
    <None Include="resources\ns\shaders\pbr\brdf.frag">
      <Filter>Fichiers sources\noisy\Shaders\pbr</Filter>
    </None>
    <None Include="resources\ns\shaders\pbr\brdf.vert">
      <Filter>Fichiers sources\noisy\Shaders\pbr</Filter>
    </None>
    <None Include="resources\ns\shaders\pbr\equirectangularToCubemap.frag">
      <Filter>Fichiers sources\noisy\Shaders\pbr</Filter>
    </None>
    <None Include="resources\ns\shaders\pbr\equirectangularToCubemap.vert">
      <Filter>Fichiers sources\noisy\Shaders\pbr</Filter>
    </None>
    <None Include="resources\ns\shaders\pbr\irradianceMap.frag">
      <Filter>Fichiers sources\noisy\Shaders\pbr</Filter>
    </None>
    <None Include="resources\ns\shaders\pbr\irradianceMap.vert">
      <Filter>Fichiers sources\noisy\Shaders\pbr</Filter>
    </None>
    <None Include="resources\ns\shaders\pbr\preFilter.frag">
      <Filter>Fichiers sources\noisy\Shaders\pbr</Filter>
    </None>
    <None Include="resources\ns\shaders\pbr\preFilter.vert">
      <Filter>Fichiers sources\noisy\Shaders\pbr</Filter>
    </None>
  </ItemGroup>
</Project>